
Microsoft Visual Studio Solution File, Format Version 12.00
# Visual Studio Version 17
VisualStudioVersion = 17.0.31912.275
MinimumVisualStudioVersion = 10.0.40219.1
Project("{9A19103F-16F7-4668-BE54-9A1E7A4F7556}") = "Fotóalbum", "Fotóalbum\Fotóalbum.csproj", "{C917F337-3FC9-4C03-B6FD-975465AA0DAD}"
EndProject
Project("{2150E333-8FDC-42A3-9474-1A3956D46DE8}") = "NewFolder1", "NewFolder1", "{093C4C28-41FC-4BF3-8E73-AD89F6690825}"
EndProject
Global
	GlobalSection(SolutionConfigurationPlatforms) = preSolution
		Debug|Any CPU = Debug|Any CPU
		Release|Any CPU = Release|Any CPU
	EndGlobalSection
	GlobalSection(ProjectConfigurationPlatforms) = postSolution
		{C917F337-3FC9-4C03-B6FD-975465AA0DAD}.Debug|Any CPU.ActiveCfg = Debug|Any CPU
		{C917F337-3FC9-4C03-B6FD-975465AA0DAD}.Debug|Any CPU.Build.0 = Debug|Any CPU
		{C917F337-3FC9-4C03-B6FD-975465AA0DAD}.Release|Any CPU.ActiveCfg = Release|Any CPU
		{C917F337-3FC9-4C03-B6FD-975465AA0DAD}.Release|Any CPU.Build.0 = Release|Any CPU
	EndGlobalSection
	GlobalSection(SolutionProperties) = preSolution
		HideSolutionNode = FALSE
	EndGlobalSection
	GlobalSection(ExtensibilityGlobals) = postSolution
		SolutionGuid = {D2DBAB01-8DE7-4412-92AC-5DD64AFC7C83}
	EndGlobalSection
EndGlobal
